
Microsoft Visual Studio Solution File, Format Version 12.00
# Visual Studio Version 17
VisualStudioVersion = 17.11.35303.130
MinimumVisualStudioVersion = 10.0.40219.1
Project("{2150E333-8FDC-42A3-9474-1A3956D46DE8}") = "Task0", "Task0", "{7ED190C4-53E8-4961-9C60-5DDA968652CC}"
EndProject
Project("{9A19103F-16F7-4668-BE54-9A1E7A4F7556}") = "DELETEME", "DELETEME\DELETEME.csproj", "{8AB5CC47-E106-444A-97E6-9AD8F689A7C3}"
EndProject
Project("{9A19103F-16F7-4668-BE54-9A1E7A4F7556}") = "Tyuiu.PredygerKK.Sprint1.Task0.V11", "Tyuiu.PredygerKK.Sprint1.Task0.V11\Tyuiu.PredygerKK.Sprint1.Task0.V11.csproj", "{142F9BAF-7AE4-4C35-9043-C334762C13B2}"
EndProject
Project("{9A19103F-16F7-4668-BE54-9A1E7A4F7556}") = "Tyuiu.PredygerKK.Sprint1.Task0.V11.Test", "Tyuiu.PredygerKK.Sprint1.Task0.V11.Test\Tyuiu.PredygerKK.Sprint1.Task0.V11.Test.csproj", "{AE624930-28A2-4E25-9061-6D5D04C67C25}"
EndProject
Project("{9A19103F-16F7-4668-BE54-9A1E7A4F7556}") = "Tyuiu.PredygerKK.Sprint1.Task0.V11.Lib", "Tyuiu.PredygerKK.Sprint1.Task0.V11.Lib\Tyuiu.PredygerKK.Sprint1.Task0.V11.Lib.csproj", "{9F9004D6-C60E-4678-9069-8DDAF2C2F79F}"
EndProject
Project("{2150E333-8FDC-42A3-9474-1A3956D46DE8}") = "Task1", "Task1", "{24BDD769-36A6-4E26-94D9-963DAC02B4B3}"
EndProject
Project("{FAE04EC0-301F-11D3-BF4B-00C04F79EFBC}") = "Tyuiu.PredygerKK.Sprint1.Task1.V14", "Tyuiu.PredygerKK.Sprint1.Task1.V14\Tyuiu.PredygerKK.Sprint1.Task1.V14.csproj", "{81BE6D80-C2D3-4E97-969D-4FA24D5A3614}"
EndProject
Project("{FAE04EC0-301F-11D3-BF4B-00C04F79EFBC}") = "Tyuiu.PredygerKK.Sprint1.Task1.V14.Lib", "Tyuiu.PredygerKK.Sprint1.Task1.V14.Lib\Tyuiu.PredygerKK.Sprint1.Task1.V14.Lib.csproj", "{CE12D4F4-F71F-46B8-B31D-1330DB3633FD}"
EndProject
Project("{FAE04EC0-301F-11D3-BF4B-00C04F79EFBC}") = "Tyuiu.PredygerKK.Sprint1.Task1.V14.Test", "Tyuiu.PredygerKK.Sprint1.Task1.V14.Test\Tyuiu.PredygerKK.Sprint1.Task1.V14.Test.csproj", "{43193993-5AFE-4692-B4A5-0D79D23F0462}"
EndProject
Global
	GlobalSection(SolutionConfigurationPlatforms) = preSolution
		Debug|Any CPU = Debug|Any CPU
		Release|Any CPU = Release|Any CPU
	EndGlobalSection
	GlobalSection(ProjectConfigurationPlatforms) = postSolution
		{8AB5CC47-E106-444A-97E6-9AD8F689A7C3}.Debug|Any CPU.ActiveCfg = Debug|Any CPU
		{8AB5CC47-E106-444A-97E6-9AD8F689A7C3}.Debug|Any CPU.Build.0 = Debug|Any CPU
		{8AB5CC47-E106-444A-97E6-9AD8F689A7C3}.Release|Any CPU.ActiveCfg = Release|Any CPU
		{8AB5CC47-E106-444A-97E6-9AD8F689A7C3}.Release|Any CPU.Build.0 = Release|Any CPU
		{142F9BAF-7AE4-4C35-9043-C334762C13B2}.Debug|Any CPU.ActiveCfg = Debug|Any CPU
		{142F9BAF-7AE4-4C35-9043-C334762C13B2}.Debug|Any CPU.Build.0 = Debug|Any CPU
		{142F9BAF-7AE4-4C35-9043-C334762C13B2}.Release|Any CPU.ActiveCfg = Release|Any CPU
		{142F9BAF-7AE4-4C35-9043-C334762C13B2}.Release|Any CPU.Build.0 = Release|Any CPU
		{AE624930-28A2-4E25-9061-6D5D04C67C25}.Debug|Any CPU.ActiveCfg = Debug|Any CPU
		{AE624930-28A2-4E25-9061-6D5D04C67C25}.Debug|Any CPU.Build.0 = Debug|Any CPU
		{AE624930-28A2-4E25-9061-6D5D04C67C25}.Release|Any CPU.ActiveCfg = Release|Any CPU
		{AE624930-28A2-4E25-9061-6D5D04C67C25}.Release|Any CPU.Build.0 = Release|Any CPU
		{9F9004D6-C60E-4678-9069-8DDAF2C2F79F}.Debug|Any CPU.ActiveCfg = Debug|Any CPU
		{9F9004D6-C60E-4678-9069-8DDAF2C2F79F}.Debug|Any CPU.Build.0 = Debug|Any CPU
		{9F9004D6-C60E-4678-9069-8DDAF2C2F79F}.Release|Any CPU.ActiveCfg = Release|Any CPU
		{9F9004D6-C60E-4678-9069-8DDAF2C2F79F}.Release|Any CPU.Build.0 = Release|Any CPU
		{81BE6D80-C2D3-4E97-969D-4FA24D5A3614}.Debug|Any CPU.ActiveCfg = Debug|Any CPU
		{81BE6D80-C2D3-4E97-969D-4FA24D5A3614}.Debug|Any CPU.Build.0 = Debug|Any CPU
		{81BE6D80-C2D3-4E97-969D-4FA24D5A3614}.Release|Any CPU.ActiveCfg = Release|Any CPU
		{81BE6D80-C2D3-4E97-969D-4FA24D5A3614}.Release|Any CPU.Build.0 = Release|Any CPU
		{CE12D4F4-F71F-46B8-B31D-1330DB3633FD}.Debug|Any CPU.ActiveCfg = Debug|Any CPU
		{CE12D4F4-F71F-46B8-B31D-1330DB3633FD}.Debug|Any CPU.Build.0 = Debug|Any CPU
		{CE12D4F4-F71F-46B8-B31D-1330DB3633FD}.Release|Any CPU.ActiveCfg = Release|Any CPU
		{CE12D4F4-F71F-46B8-B31D-1330DB3633FD}.Release|Any CPU.Build.0 = Release|Any CPU
		{43193993-5AFE-4692-B4A5-0D79D23F0462}.Debug|Any CPU.ActiveCfg = Debug|Any CPU
		{43193993-5AFE-4692-B4A5-0D79D23F0462}.Debug|Any CPU.Build.0 = Debug|Any CPU
		{43193993-5AFE-4692-B4A5-0D79D23F0462}.Release|Any CPU.ActiveCfg = Release|Any CPU
		{43193993-5AFE-4692-B4A5-0D79D23F0462}.Release|Any CPU.Build.0 = Release|Any CPU
	EndGlobalSection
	GlobalSection(SolutionProperties) = preSolution
		HideSolutionNode = FALSE
	EndGlobalSection
	GlobalSection(NestedProjects) = preSolution
		{142F9BAF-7AE4-4C35-9043-C334762C13B2} = {7ED190C4-53E8-4961-9C60-5DDA968652CC}
		{AE624930-28A2-4E25-9061-6D5D04C67C25} = {7ED190C4-53E8-4961-9C60-5DDA968652CC}
		{9F9004D6-C60E-4678-9069-8DDAF2C2F79F} = {7ED190C4-53E8-4961-9C60-5DDA968652CC}
		{81BE6D80-C2D3-4E97-969D-4FA24D5A3614} = {24BDD769-36A6-4E26-94D9-963DAC02B4B3}
		{CE12D4F4-F71F-46B8-B31D-1330DB3633FD} = {24BDD769-36A6-4E26-94D9-963DAC02B4B3}
		{43193993-5AFE-4692-B4A5-0D79D23F0462} = {24BDD769-36A6-4E26-94D9-963DAC02B4B3}
	EndGlobalSection
	GlobalSection(ExtensibilityGlobals) = postSolution
		SolutionGuid = {16E6BA66-9C3D-4AEF-9528-BAD54FA6C2B9}
	EndGlobalSection
EndGlobal
